PODS:
  - Flutter (1.0.0)
  - integration_test (0.0.1):
    - Flutter
  - Kingfisher (7.12.0)
  - mapsted-sdk-alerts (6.0.2):
    - mapsted-sdk-triggers-core (= 6.0.2)
  - mapsted-sdk-core (6.0.2):
    - SSZipArchive
  - mapsted-sdk-core-map (4.4.6.2)
  - mapsted-sdk-geofence (6.0.2):
    - mapsted-sdk-core (= 6.0.2)
  - mapsted-sdk-loc-marketing (6.0.2):
    - mapsted-sdk-core (= 6.0.2)
  - mapsted-sdk-location-share (6.0.2):
    - mapsted-sdk-core (= 6.0.2)
  - mapsted-sdk-map (6.0.2):
    - mapsted-sdk-core (= 6.0.2)
    - mapsted-sdk-core-map (= 4.4.6.2)
  - mapsted-sdk-map-ui (6.0.2):
    - Kingfisher (~> 7.0)
    - mapsted-sdk-alerts (= 6.0.2)
    - mapsted-sdk-loc-marketing (= 6.0.2)
    - mapsted-sdk-location-share (= 6.0.2)
    - mapsted-sdk-map (= 6.0.2)
  - mapsted-sdk-triggers-core (6.0.2):
    - mapsted-sdk-core (= 6.0.2)
  - mapsted_flutter (0.0.1):
    - Flutter
    - mapsted-sdk-geofence (= 6.0.2)
    - mapsted-sdk-map (= 6.0.2)
    - mapsted-sdk-map-ui (= 6.0.2)
  - SSZipArchive (2.4.3)

DEPENDENCIES:
  - Flutter (from `Flutter`)
  - integration_test (from `.symlinks/plugins/integration_test/ios`)
  - mapsted_flutter (from `.symlinks/plugins/mapsted_flutter/ios`)

SPEC REPOS:
  https://github.com/Mapsted/podspec-simulator.git:
    - mapsted-sdk-alerts
    - mapsted-sdk-core
    - mapsted-sdk-core-map
    - mapsted-sdk-geofence
    - mapsted-sdk-loc-marketing
    - mapsted-sdk-location-share
    - mapsted-sdk-map
    - mapsted-sdk-map-ui
    - mapsted-sdk-triggers-core
  trunk:
    - Kingfisher
    - SSZipArchive

EXTERNAL SOURCES:
  Flutter:
    :path: Flutter
  integration_test:
    :path: ".symlinks/plugins/integration_test/ios"
  mapsted_flutter:
    :path: ".symlinks/plugins/mapsted_flutter/ios"

SPEC CHECKSUMS:
  Flutter: e0871f40cf51350855a761d2e70bf5af5b9b5de7
  integration_test: 252f60fa39af5e17c3aa9899d35d908a0721b573
  Kingfisher: 53a10ea35051a436b5fb626ca2dd8f3144d755e9
  mapsted-sdk-alerts: f224ae04a3753a8bca56585e344a803b317b3d2a
  mapsted-sdk-core: 0f88e88dc57c8d47161c82de97595906b40be884
  mapsted-sdk-core-map: 3b1a6cc029381236023ed8e35268206ee9559b1f
  mapsted-sdk-geofence: 8527dc31ae999167be171d5e7388c46471b0de35
  mapsted-sdk-loc-marketing: f520ded1ac0d5b8fe7ffb7160861f11df6e6728c
  mapsted-sdk-location-share: 995fdb49ba547d3c874551538302488619227681
  mapsted-sdk-map: 1cfa255a8d1568918b57a98d4f9bd14fab6aa53f
  mapsted-sdk-map-ui: 0eaaa56d6f917804a168b55bc38bdfa3ff5ea96e
  mapsted-sdk-triggers-core: 45d79a835d4ab78d388cdee8e5351038267d4eb3
  mapsted_flutter: 09c803cdbf8160c0396bb7d73520901d7bb3fc16
  SSZipArchive: fe6a26b2a54d5a0890f2567b5cc6de5caa600aef

PODFILE CHECKSUM: 98a347ed01c20c810c87b9e2e00337436229ebfe

COCOAPODS: 1.15.2
